
Microsoft Visual Studio Solution File, Format Version 12.00
# Visual Studio Version 17
VisualStudioVersion = 17.4.33103.184
MinimumVisualStudioVersion = 10.0.40219.1
Project("{FAE04EC0-301F-11D3-BF4B-00C04F79EFBC}") = "AzureDevopsDemo", "AzureDevopsDemo\AzureDevopsDemo.csproj", "{A09FCDA2-029F-44F1-AFA2-241ECF9CDB27}"
EndProject
Global
	GlobalSection(SolutionConfigurationPlatforms) = preSolution
		Debug|Any CPU = Debug|Any CPU
		Release|Any CPU = Release|Any CPU
	EndGlobalSection
	GlobalSection(ProjectConfigurationPlatforms) = postSolution
		{A09FCDA2-029F-44F1-AFA2-241ECF9CDB27}.Debug|Any CPU.ActiveCfg = Debug|Any CPU
		{A09FCDA2-029F-44F1-AFA2-241ECF9CDB27}.Debug|Any CPU.Build.0 = Debug|Any CPU
		{A09FCDA2-029F-44F1-AFA2-241ECF9CDB27}.Release|Any CPU.ActiveCfg = Release|Any CPU
		{A09FCDA2-029F-44F1-AFA2-241ECF9CDB27}.Release|Any CPU.Build.0 = Release|Any CPU
	EndGlobalSection
	GlobalSection(SolutionProperties) = preSolution
		HideSolutionNode = FALSE
	EndGlobalSection
	GlobalSection(ExtensibilityGlobals) = postSolution
		SolutionGuid = {D4F4954E-A858-4AFA-A50C-F8F520917D75}
	EndGlobalSection
EndGlobal
